
Microsoft Visual Studio Solution File, Format Version 12.00
# Visual Studio Version 17
VisualStudioVersion = 17.1.32414.318
MinimumVisualStudioVersion = 10.0.40219.1
Project("{FAE04EC0-301F-11D3-BF4B-00C04F79EFBC}") = "teste", "teste\teste.csproj", "{2DA1822C-FC73-41CD-BD7F-824FE7CDB47D}"
EndProject
Global
	GlobalSection(SolutionConfigurationPlatforms) = preSolution
		Debug|Any CPU = Debug|Any CPU
		Release|Any CPU = Release|Any CPU
	EndGlobalSection
	GlobalSection(ProjectConfigurationPlatforms) = postSolution
		{2DA1822C-FC73-41CD-BD7F-824FE7CDB47D}.Debug|Any CPU.ActiveCfg = Debug|Any CPU
		{2DA1822C-FC73-41CD-BD7F-824FE7CDB47D}.Debug|Any CPU.Build.0 = Debug|Any CPU
		{2DA1822C-FC73-41CD-BD7F-824FE7CDB47D}.Release|Any CPU.ActiveCfg = Release|Any CPU
		{2DA1822C-FC73-41CD-BD7F-824FE7CDB47D}.Release|Any CPU.Build.0 = Release|Any CPU
	EndGlobalSection
	GlobalSection(SolutionProperties) = preSolution
		HideSolutionNode = FALSE
	EndGlobalSection
	GlobalSection(ExtensibilityGlobals) = postSolution
		SolutionGuid = {750F988E-DC75-4C3B-ADC3-5D034086B1E7}
	EndGlobalSection
EndGlobal
