
Microsoft Visual Studio Solution File, Format Version 12.00
# Visual Studio Version 17
VisualStudioVersion = 17.1.32414.318
MinimumVisualStudioVersion = 10.0.40219.1
Project("{FAE04EC0-301F-11D3-BF4B-00C04F79EFBC}") = "ExoAPI", "ExoAPI\ExoAPI.csproj", "{FDA5B8BD-5801-4D4E-A67C-F8A1BF9D89FB}"
EndProject
Global
	GlobalSection(SolutionConfigurationPlatforms) = preSolution
		Debug|Any CPU = Debug|Any CPU
		Release|Any CPU = Release|Any CPU
	EndGlobalSection
	GlobalSection(ProjectConfigurationPlatforms) = postSolution
		{FDA5B8BD-5801-4D4E-A67C-F8A1BF9D89FB}.Debug|Any CPU.ActiveCfg = Debug|Any CPU
		{FDA5B8BD-5801-4D4E-A67C-F8A1BF9D89FB}.Debug|Any CPU.Build.0 = Debug|Any CPU
		{FDA5B8BD-5801-4D4E-A67C-F8A1BF9D89FB}.Release|Any CPU.ActiveCfg = Release|Any CPU
		{FDA5B8BD-5801-4D4E-A67C-F8A1BF9D89FB}.Release|Any CPU.Build.0 = Release|Any CPU
	EndGlobalSection
	GlobalSection(SolutionProperties) = preSolution
		HideSolutionNode = FALSE
	EndGlobalSection
	GlobalSection(ExtensibilityGlobals) = postSolution
		SolutionGuid = {706C8C61-8B8F-4971-A4BD-92C9AC1C86EA}
	EndGlobalSection
EndGlobal
